
Microsoft Visual Studio Solution File, Format Version 12.00
# Visual Studio Version 17
VisualStudioVersion = 17.6.33815.320
MinimumVisualStudioVersion = 10.0.40219.1
Project("{FAE04EC0-301F-11D3-BF4B-00C04F79EFBC}") = "ModelBindingAssignment", "ModelBindingAssignment.csproj", "{31E80C5B-F4EF-448E-969E-DF7CDCD52DA7}"
EndProject
Global
	GlobalSection(SolutionConfigurationPlatforms) = preSolution
		Debug|Any CPU = Debug|Any CPU
		Release|Any CPU = Release|Any CPU
	EndGlobalSection
	GlobalSection(ProjectConfigurationPlatforms) = postSolution
		{31E80C5B-F4EF-448E-969E-DF7CDCD52DA7}.Debug|Any CPU.ActiveCfg = Debug|Any CPU
		{31E80C5B-F4EF-448E-969E-DF7CDCD52DA7}.Debug|Any CPU.Build.0 = Debug|Any CPU
		{31E80C5B-F4EF-448E-969E-DF7CDCD52DA7}.Release|Any CPU.ActiveCfg = Release|Any CPU
		{31E80C5B-F4EF-448E-969E-DF7CDCD52DA7}.Release|Any CPU.Build.0 = Release|Any CPU
	EndGlobalSection
	GlobalSection(SolutionProperties) = preSolution
		HideSolutionNode = FALSE
	EndGlobalSection
	GlobalSection(ExtensibilityGlobals) = postSolution
		SolutionGuid = {9C94C1B1-ED0E-44CC-8939-49AAE6A101DF}
	EndGlobalSection
EndGlobal
